
Microsoft Visual Studio Solution File, Format Version 12.00
# Visual Studio Version 17
VisualStudioVersion = 17.14.36915.13 d17.14
MinimumVisualStudioVersion = 10.0.40219.1
Project("{FAE04EC0-301F-11D3-BF4B-00C04F79EFBC}") = "CMS", "CMS\CMS.csproj", "{42F832B5-8219-4A73-9BAC-2F6EFF4BF365}"
EndProject
Global
	GlobalSection(SolutionConfigurationPlatforms) = preSolution
		Debug|Any CPU = Debug|Any CPU
		Release|Any CPU = Release|Any CPU
	EndGlobalSection
	GlobalSection(ProjectConfigurationPlatforms) = postSolution
		{42F832B5-8219-4A73-9BAC-2F6EFF4BF365}.Debug|Any CPU.ActiveCfg = Debug|Any CPU
		{42F832B5-8219-4A73-9BAC-2F6EFF4BF365}.Debug|Any CPU.Build.0 = Debug|Any CPU
		{42F832B5-8219-4A73-9BAC-2F6EFF4BF365}.Release|Any CPU.ActiveCfg = Release|Any CPU
		{42F832B5-8219-4A73-9BAC-2F6EFF4BF365}.Release|Any CPU.Build.0 = Release|Any CPU
	EndGlobalSection
	GlobalSection(SolutionProperties) = preSolution
		HideSolutionNode = FALSE
	EndGlobalSection
	GlobalSection(ExtensibilityGlobals) = postSolution
		SolutionGuid = {1D962561-A4FD-4FFB-A399-377024B92116}
	EndGlobalSection
EndGlobal
